
Microsoft Visual Studio Solution File, Format Version 12.00
# Visual Studio Version 16
VisualStudioVersion = 25.0.1703.0
MinimumVisualStudioVersion = 10.0.40219.1
Project("{FAE04EC0-301F-11D3-BF4B-00C04F79EFBC}") = "ShopOnline.Web", "ShopOnline.Web\ShopOnline.Web.csproj", "{FDD70938-928A-4E52-A788-B77AE21227C0}"
EndProject
Project("{FAE04EC0-301F-11D3-BF4B-00C04F79EFBC}") = "ShopOnline.Api", "ShopOnline.Api\ShopOnline.Api.csproj", "{073BE03C-1EB8-4EF2-8879-A2DD25DCE893}"
EndProject
Project("{FAE04EC0-301F-11D3-BF4B-00C04F79EFBC}") = "ShopOnline.Models", "ShopOnline.Models\ShopOnline.Models.csproj", "{D128CC91-723D-4571-AD67-DB5331E68255}"
EndProject
Global
	GlobalSection(SolutionConfigurationPlatforms) = preSolution
		Debug|Any CPU = Debug|Any CPU
		Release|Any CPU = Release|Any CPU
	EndGlobalSection
	GlobalSection(ProjectConfigurationPlatforms) = postSolution
		{FDD70938-928A-4E52-A788-B77AE21227C0}.Debug|Any CPU.ActiveCfg = Debug|Any CPU
		{FDD70938-928A-4E52-A788-B77AE21227C0}.Debug|Any CPU.Build.0 = Debug|Any CPU
		{FDD70938-928A-4E52-A788-B77AE21227C0}.Release|Any CPU.ActiveCfg = Release|Any CPU
		{FDD70938-928A-4E52-A788-B77AE21227C0}.Release|Any CPU.Build.0 = Release|Any CPU
		{073BE03C-1EB8-4EF2-8879-A2DD25DCE893}.Debug|Any CPU.ActiveCfg = Debug|Any CPU
		{073BE03C-1EB8-4EF2-8879-A2DD25DCE893}.Debug|Any CPU.Build.0 = Debug|Any CPU
		{073BE03C-1EB8-4EF2-8879-A2DD25DCE893}.Release|Any CPU.ActiveCfg = Release|Any CPU
		{073BE03C-1EB8-4EF2-8879-A2DD25DCE893}.Release|Any CPU.Build.0 = Release|Any CPU
		{D128CC91-723D-4571-AD67-DB5331E68255}.Debug|Any CPU.ActiveCfg = Debug|Any CPU
		{D128CC91-723D-4571-AD67-DB5331E68255}.Debug|Any CPU.Build.0 = Debug|Any CPU
		{D128CC91-723D-4571-AD67-DB5331E68255}.Release|Any CPU.ActiveCfg = Release|Any CPU
		{D128CC91-723D-4571-AD67-DB5331E68255}.Release|Any CPU.Build.0 = Release|Any CPU
	EndGlobalSection
	GlobalSection(SolutionProperties) = preSolution
		HideSolutionNode = FALSE
	EndGlobalSection
	GlobalSection(ExtensibilityGlobals) = postSolution
		SolutionGuid = {35188722-01AD-4F8F-B4D5-5F211E0B45D5}
	EndGlobalSection
EndGlobal
